{
  "originHash" : "c690486dae098d9f57518ee120e8f00471ddc06c68924a8afdc1a678257e09c8",
  "pins" : [
    {
      "identity" : "realm-core",
      "kind" : "remoteSourceControl",
      "location" : "https://github.com/realm/realm-core.git",
      "state" : {
        "revision" : "15493076ad9fef22c16cc64cbfbf9e5b65c385f9",
        "version" : "20.1.0"
      }
    },
    {
      "identity" : "realm-swift",
      "kind" : "remoteSourceControl",
      "location" : "https://github.com/realm/realm-swift",
      "state" : {
        "revision" : "f8d74e90eafa2ac0e760bc674b49f40b593b1483",
        "version" : "20.0.2"
      }
    },
    {
      "identity" : "swifttheme",
      "kind" : "remoteSourceControl",
      "location" : "https://github.com/wxxsw/SwiftTheme.git",
      "state" : {
        "revision" : "f6a5442da8527f88e5b61b42131c003bd2d56803",
        "version" : "0.6.4"
      }
    },
    {
      "identity" : "swipecellkit",
      "kind" : "remoteSourceControl",
      "location" : "https://github.com/swipecellkit/swipecellkit.git",
      "state" : {
        "revision" : "7219cad3098637176ace311510d11467dbfb9bb0",
        "version" : "2.7.1"
      }
    }
  ],
  "version" : 3
}
