// !$*UTF8*$!
{
	archiveVersion = 1;
	classes = {
	};
	objectVersion = 54;
	objects = {

/* Begin PBXBuildFile section */
		7E4D8F9580CB43BAF082A284 /* Pods_Todoey.framework in Frameworks */ = {isa = PBXBuildFile; fileRef = 7B88BF53744CDFC22235E2EF /* Pods_Todoey.framework */; };
		D014C2052DB3BD0E00F7ED1D /* RealmSwift in Frameworks */ = {isa = PBXBuildFile; productRef = D014C2042DB3BD0E00F7ED1D /* RealmSwift */; };
		D014C2062DB3BD3400F7ED1D /* RealmSwift in Embed Frameworks */ = {isa = PBXBuildFile; productRef = D014C2042DB3BD0E00F7ED1D /* RealmSwift */; settings = {ATTRIBUTES = (CodeSignOnCopy, ); }; };
		D014C20B2DB512FA00F7ED1D /* Item.swift in Sources */ = {isa = PBXBuildFile; fileRef = D014C20A2DB512FA00F7ED1D /* Item.swift */; };
		D014C20D2DB5130400F7ED1D /* Category.swift in Sources */ = {isa = PBXBuildFile; fileRef = D014C20C2DB5130400F7ED1D /* Category.swift */; };
		D06A85132DBAA64A00AC7B7C /* SwiftTheme in Frameworks */ = {isa = PBXBuildFile; productRef = D06A85122DBAA64A00AC7B7C /* SwiftTheme */; };
		D088AB7A2DB01DBB00523709 /* CategoryViewController.swift in Sources */ = {isa = PBXBuildFile; fileRef = D088AB792DB01DBB00523709 /* CategoryViewController.swift */; };
		D09BA80D2DB7AF1300FD6AEB /* SwipeCellKit in Frameworks */ = {isa = PBXBuildFile; productRef = D09BA80C2DB7AF1300FD6AEB /* SwipeCellKit */; };
		D09BA8112DB7BF8B00FD6AEB /* SwipeTableViewController.swift in Sources */ = {isa = PBXBuildFile; fileRef = D09BA8102DB7BF8B00FD6AEB /* SwipeTableViewController.swift */; };
		EB2BE4FA239524DB00FB933B /* AppDelegate.swift in Sources */ = {isa = PBXBuildFile; fileRef = EB2BE4F9239524DB00FB933B /* AppDelegate.swift */; };
		EB2BE4FE239524DB00FB933B /* TodoListViewController.swift in Sources */ = {isa = PBXBuildFile; fileRef = EB2BE4FD239524DB00FB933B /* TodoListViewController.swift */; };
		EB2BE501239524DB00FB933B /* Main.storyboard in Resources */ = {isa = PBXBuildFile; fileRef = EB2BE4FF239524DB00FB933B /* Main.storyboard */; };
		EB2BE503239524DC00FB933B /* Assets.xcassets in Resources */ = {isa = PBXBuildFile; fileRef = EB2BE502239524DC00FB933B /* Assets.xcassets */; };
		EB2BE506239524DC00FB933B /* LaunchScreen.storyboard in Resources */ = {isa = PBXBuildFile; fileRef = EB2BE504239524DC00FB933B /* LaunchScreen.storyboard */; };
/* End PBXBuildFile section */

/* Begin PBXCopyFilesBuildPhase section */
		D014C2072DB3BD3400F7ED1D /* Embed Frameworks */ = {
			isa = PBXCopyFilesBuildPhase;
			buildActionMask = 2147483647;
			dstPath = "";
			dstSubfolderSpec = 10;
			files = (
				D014C2062DB3BD3400F7ED1D /* RealmSwift in Embed Frameworks */,
			);
			name = "Embed Frameworks";
			runOnlyForDeploymentPostprocessing = 0;
		};
/* End PBXCopyFilesBuildPhase section */

/* Begin PBXFileReference section */
		1BDD14F106B9C0E83F53C037 /* Pods-Todoey.debug.xcconfig */ = {isa = PBXFileReference; includeInIndex = 1; lastKnownFileType = text.xcconfig; name = "Pods-Todoey.debug.xcconfig"; path = "Target Support Files/Pods-Todoey/Pods-Todoey.debug.xcconfig"; sourceTree = "<group>"; };
		7B88BF53744CDFC22235E2EF /* Pods_Todoey.framework */ = {isa = PBXFileReference; explicitFileType = wrapper.framework; includeInIndex = 0; path = Pods_Todoey.framework; sourceTree = BUILT_PRODUCTS_DIR; };
		7C2DB1B6E43972D1B4555202 /* Pods-Todoey.release.xcconfig */ = {isa = PBXFileReference; includeInIndex = 1; lastKnownFileType = text.xcconfig; name = "Pods-Todoey.release.xcconfig"; path = "Target Support Files/Pods-Todoey/Pods-Todoey.release.xcconfig"; sourceTree = "<group>"; };
		D014C1F92DB3BA4800F7ED1D /* Todoey.app */ = {isa = PBXFileReference; explicitFileType = wrapper.application; includeInIndex = 0; path = Todoey.app; sourceTree = BUILT_PRODUCTS_DIR; };
		D014C20A2DB512FA00F7ED1D /* Item.swift */ = {isa = PBXFileReference; lastKnownFileType = sourcecode.swift; path = Item.swift; sourceTree = "<group>"; };
		D014C20C2DB5130400F7ED1D /* Category.swift */ = {isa = PBXFileReference; lastKnownFileType = sourcecode.swift; path = Category.swift; sourceTree = "<group>"; };
		D088AB792DB01DBB00523709 /* CategoryViewController.swift */ = {isa = PBXFileReference; lastKnownFileType = sourcecode.swift; path = CategoryViewController.swift; sourceTree = "<group>"; };
		D09BA8102DB7BF8B00FD6AEB /* SwipeTableViewController.swift */ = {isa = PBXFileReference; lastKnownFileType = sourcecode.swift; path = SwipeTableViewController.swift; sourceTree = "<group>"; };
		EB2BE4F9239524DB00FB933B /* AppDelegate.swift */ = {isa = PBXFileReference; lastKnownFileType = sourcecode.swift; path = AppDelegate.swift; sourceTree = "<group>"; };
		EB2BE4FD239524DB00FB933B /* TodoListViewController.swift */ = {isa = PBXFileReference; lastKnownFileType = sourcecode.swift; path = TodoListViewController.swift; sourceTree = "<group>"; };
		EB2BE500239524DB00FB933B /* Base */ = {isa = PBXFileReference; lastKnownFileType = file.storyboard; name = Base; path = Base.lproj/Main.storyboard; sourceTree = "<group>"; };
		EB2BE502239524DC00FB933B /* Assets.xcassets */ = {isa = PBXFileReference; lastKnownFileType = folder.assetcatalog; path = Assets.xcassets; sourceTree = "<group>"; };
		EB2BE505239524DC00FB933B /* Base */ = {isa = PBXFileReference; lastKnownFileType = file.storyboard; name = Base; path = Base.lproj/LaunchScreen.storyboard; sourceTree = "<group>"; };
		EB2BE507239524DC00FB933B /* Info.plist */ = {isa = PBXFileReference; lastKnownFileType = text.plist.xml; path = Info.plist; sourceTree = "<group>"; };
/* End PBXFileReference section */

/* Begin PBXFrameworksBuildPhase section */
		EB2BE4F3239524DB00FB933B /* Frameworks */ = {
			isa = PBXFrameworksBuildPhase;
			buildActionMask = 2147483647;
			files = (
				D09BA80D2DB7AF1300FD6AEB /* SwipeCellKit in Frameworks */,
				D014C2052DB3BD0E00F7ED1D /* RealmSwift in Frameworks */,
				D06A85132DBAA64A00AC7B7C /* SwiftTheme in Frameworks */,
				7E4D8F9580CB43BAF082A284 /* Pods_Todoey.framework in Frameworks */,
			);
			runOnlyForDeploymentPostprocessing = 0;
		};
/* End PBXFrameworksBuildPhase section */

/* Begin PBXGroup section */
		1BF84B90549B3EF1DC20DB8F /* Pods */ = {
			isa = PBXGroup;
			children = (
				1BDD14F106B9C0E83F53C037 /* Pods-Todoey.debug.xcconfig */,
				7C2DB1B6E43972D1B4555202 /* Pods-Todoey.release.xcconfig */,
			);
			path = Pods;
			sourceTree = "<group>";
		};
		4915B76B3C3A047687B0B8F8 /* Frameworks */ = {
			isa = PBXGroup;
			children = (
				7B88BF53744CDFC22235E2EF /* Pods_Todoey.framework */,
			);
			name = Frameworks;
			sourceTree = "<group>";
		};
		D004E7F62DA91AC500826B4F /* DataModel */ = {
			isa = PBXGroup;
			children = (
				D014C20A2DB512FA00F7ED1D /* Item.swift */,
				D014C20C2DB5130400F7ED1D /* Category.swift */,
			);
			path = DataModel;
			sourceTree = "<group>";
		};
		D004E7F72DA91AD300826B4F /* Controllers */ = {
			isa = PBXGroup;
			children = (
				D088AB792DB01DBB00523709 /* CategoryViewController.swift */,
				EB2BE4FD239524DB00FB933B /* TodoListViewController.swift */,
				D09BA8102DB7BF8B00FD6AEB /* SwipeTableViewController.swift */,
			);
			path = Controllers;
			sourceTree = "<group>";
		};
		D004E7F82DA91ADE00826B4F /* Views */ = {
			isa = PBXGroup;
			children = (
				EB2BE4FF239524DB00FB933B /* Main.storyboard */,
			);
			path = Views;
			sourceTree = "<group>";
		};
		D004E7F92DA91AEE00826B4F /* SupportingFiles */ = {
			isa = PBXGroup;
			children = (
				EB2BE502239524DC00FB933B /* Assets.xcassets */,
				EB2BE504239524DC00FB933B /* LaunchScreen.storyboard */,
			);
			path = SupportingFiles;
			sourceTree = "<group>";
		};
		EB2BE4ED239524DB00FB933B = {
			isa = PBXGroup;
			children = (
				EB2BE4F8239524DB00FB933B /* Todoey */,
				D014C1F92DB3BA4800F7ED1D /* Todoey.app */,
				1BF84B90549B3EF1DC20DB8F /* Pods */,
				4915B76B3C3A047687B0B8F8 /* Frameworks */,
			);
			sourceTree = "<group>";
		};
		EB2BE4F8239524DB00FB933B /* Todoey */ = {
			isa = PBXGroup;
			children = (
				EB2BE4F9239524DB00FB933B /* AppDelegate.swift */,
				D004E7F62DA91AC500826B4F /* DataModel */,
				D004E7F72DA91AD300826B4F /* Controllers */,
				D004E7F82DA91ADE00826B4F /* Views */,
				D004E7F92DA91AEE00826B4F /* SupportingFiles */,
				EB2BE507239524DC00FB933B /* Info.plist */,
			);
			path = Todoey;
			sourceTree = "<group>";
		};
/* End PBXGroup section */

/* Begin PBXNativeTarget section */
		EB2BE4F5239524DB00FB933B /* Todoey */ = {
			isa = PBXNativeTarget;
			buildConfigurationList = EB2BE50A239524DC00FB933B /* Build configuration list for PBXNativeTarget "Todoey" */;
			buildPhases = (
				93F9EE969CA5A887719A498F /* [CP] Check Pods Manifest.lock */,
				EB2BE4F2239524DB00FB933B /* Sources */,
				EB2BE4F3239524DB00FB933B /* Frameworks */,
				EB2BE4F4239524DB00FB933B /* Resources */,
				D014C2072DB3BD3400F7ED1D /* Embed Frameworks */,
				56C63C32904C4CD18E38F3FF /* [CP] Embed Pods Frameworks */,
			);
			buildRules = (
			);
			dependencies = (
			);
			name = Todoey;
			productName = Todoey;
			productReference = D014C1F92DB3BA4800F7ED1D /* Todoey.app */;
			productType = "com.apple.product-type.application";
		};
/* End PBXNativeTarget section */

/* Begin PBXProject section */
		EB2BE4EE239524DB00FB933B /* Project object */ = {
			isa = PBXProject;
			attributes = {
				BuildIndependentTargetsInParallel = YES;
				LastSwiftUpdateCheck = 1120;
				LastUpgradeCheck = 1630;
				ORGANIZATIONNAME = "App Brewery";
				TargetAttributes = {
					EB2BE4F5239524DB00FB933B = {
						CreatedOnToolsVersion = 11.2.1;
					};
				};
			};
			buildConfigurationList = EB2BE4F1239524DB00FB933B /* Build configuration list for PBXProject "Todoey" */;
			compatibilityVersion = "Xcode 9.3";
			developmentRegion = en;
			hasScannedForEncodings = 0;
			knownRegions = (
				en,
				Base,
			);
			mainGroup = EB2BE4ED239524DB00FB933B;
			packageReferences = (
				D014C2032DB3BD0E00F7ED1D /* XCRemoteSwiftPackageReference "realm-swift" */,
				D09BA80B2DB7AF1300FD6AEB /* XCRemoteSwiftPackageReference "swipecellkit" */,
				D06A85112DBAA64A00AC7B7C /* XCRemoteSwiftPackageReference "SwiftTheme" */,
			);
			productRefGroup = EB2BE4ED239524DB00FB933B;
			projectDirPath = "";
			projectRoot = "";
			targets = (
				EB2BE4F5239524DB00FB933B /* Todoey */,
			);
		};
/* End PBXProject section */

/* Begin PBXResourcesBuildPhase section */
		EB2BE4F4239524DB00FB933B /* Resources */ = {
			isa = PBXResourcesBuildPhase;
			buildActionMask = 2147483647;
			files = (
				EB2BE506239524DC00FB933B /* LaunchScreen.storyboard in Resources */,
				EB2BE503239524DC00FB933B /* Assets.xcassets in Resources */,
				EB2BE501239524DB00FB933B /* Main.storyboard in Resources */,
			);
			runOnlyForDeploymentPostprocessing = 0;
		};
/* End PBXResourcesBuildPhase section */

/* Begin PBXShellScriptBuildPhase section */
		56C63C32904C4CD18E38F3FF /* [CP] Embed Pods Frameworks */ = {
			isa = PBXShellScriptBuildPhase;
			buildActionMask = 2147483647;
			files = (
			);
			inputFileListPaths = (
				"${PODS_ROOT}/Target Support Files/Pods-Todoey/Pods-Todoey-frameworks-${CONFIGURATION}-input-files.xcfilelist",
			);
			inputPaths = (
			);
			name = "[CP] Embed Pods Frameworks";
			outputFileListPaths = (
				"${PODS_ROOT}/Target Support Files/Pods-Todoey/Pods-Todoey-frameworks-${CONFIGURATION}-output-files.xcfilelist",
			);
			outputPaths = (
			);
			runOnlyForDeploymentPostprocessing = 0;
			shellPath = /bin/sh;
			shellScript = "\"${PODS_ROOT}/Target Support Files/Pods-Todoey/Pods-Todoey-frameworks.sh\"\n";
			showEnvVarsInLog = 0;
		};
		93F9EE969CA5A887719A498F /* [CP] Check Pods Manifest.lock */ = {
			isa = PBXShellScriptBuildPhase;
			buildActionMask = 2147483647;
			files = (
			);
			inputFileListPaths = (
			);
			inputPaths = (
				"${PODS_PODFILE_DIR_PATH}/Podfile.lock",
				"${PODS_ROOT}/Manifest.lock",
			);
			name = "[CP] Check Pods Manifest.lock";
			outputFileListPaths = (
			);
			outputPaths = (
				"$(DERIVED_FILE_DIR)/Pods-Todoey-checkManifestLockResult.txt",
			);
			runOnlyForDeploymentPostprocessing = 0;
			shellPath = /bin/sh;
			shellScript = "diff \"${PODS_PODFILE_DIR_PATH}/Podfile.lock\" \"${PODS_ROOT}/Manifest.lock\" > /dev/null\nif [ $? != 0 ] ; then\n    # print error to STDERR\n    echo \"error: The sandbox is not in sync with the Podfile.lock. Run 'pod install' or update your CocoaPods installation.\" >&2\n    exit 1\nfi\n# This output is used by Xcode 'outputs' to avoid re-running this script phase.\necho \"SUCCESS\" > \"${SCRIPT_OUTPUT_FILE_0}\"\n";
			showEnvVarsInLog = 0;
		};
/* End PBXShellScriptBuildPhase section */

/* Begin PBXSourcesBuildPhase section */
		EB2BE4F2239524DB00FB933B /* Sources */ = {
			isa = PBXSourcesBuildPhase;
			buildActionMask = 2147483647;
			files = (
				D014C20B2DB512FA00F7ED1D /* Item.swift in Sources */,
				D088AB7A2DB01DBB00523709 /* CategoryViewController.swift in Sources */,
				EB2BE4FE239524DB00FB933B /* TodoListViewController.swift in Sources */,
				EB2BE4FA239524DB00FB933B /* AppDelegate.swift in Sources */,
				D09BA8112DB7BF8B00FD6AEB /* SwipeTableViewController.swift in Sources */,
				D014C20D2DB5130400F7ED1D /* Category.swift in Sources */,
			);
			runOnlyForDeploymentPostprocessing = 0;
		};
/* End PBXSourcesBuildPhase section */

/* Begin PBXVariantGroup section */
		EB2BE4FF239524DB00FB933B /* Main.storyboard */ = {
			isa = PBXVariantGroup;
			children = (
				EB2BE500239524DB00FB933B /* Base */,
			);
			name = Main.storyboard;
			sourceTree = "<group>";
		};
		EB2BE504239524DC00FB933B /* LaunchScreen.storyboard */ = {
			isa = PBXVariantGroup;
			children = (
				EB2BE505239524DC00FB933B /* Base */,
			);
			name = LaunchScreen.storyboard;
			sourceTree = "<group>";
		};
/* End PBXVariantGroup section */

/* Begin XCBuildConfiguration section */
		EB2BE508239524DC00FB933B /* Debug */ = {
			isa = XCBuildConfiguration;
			buildSettings = {
				ALWAYS_SEARCH_USER_PATHS = NO;
				CLANG_ANALYZER_NONNULL = YES;
				CLANG_ANALYZER_NUMBER_OBJECT_CONVERSION = YES_AGGRESSIVE;
				CLANG_CXX_LANGUAGE_STANDARD = "gnu++14";
				CLANG_CXX_LIBRARY = "libc++";
				CLANG_ENABLE_MODULES = YES;
				CLANG_ENABLE_OBJC_ARC = YES;
				CLANG_ENABLE_OBJC_WEAK = YES;
				CLANG_WARN_BLOCK_CAPTURE_AUTORELEASING = YES;
				CLANG_WARN_BOOL_CONVERSION = YES;
				CLANG_WARN_COMMA = YES;
				CLANG_WARN_CONSTANT_CONVERSION = YES;
				CLANG_WARN_DEPRECATED_OBJC_IMPLEMENTATIONS = YES;
				CLANG_WARN_DIRECT_OBJC_ISA_USAGE = YES_ERROR;
				CLANG_WARN_DOCUMENTATION_COMMENTS = YES;
				CLANG_WARN_EMPTY_BODY = YES;
				CLANG_WARN_ENUM_CONVERSION = YES;
				CLANG_WARN_INFINITE_RECURSION = YES;
				CLANG_WARN_INT_CONVERSION = YES;
				CLANG_WARN_NON_LITERAL_NULL_CONVERSION = YES;
				CLANG_WARN_OBJC_IMPLICIT_RETAIN_SELF = YES;
				CLANG_WARN_OBJC_LITERAL_CONVERSION = YES;
				CLANG_WARN_OBJC_ROOT_CLASS = YES_ERROR;
				CLANG_WARN_QUOTED_INCLUDE_IN_FRAMEWORK_HEADER = YES;
				CLANG_WARN_RANGE_LOOP_ANALYSIS = YES;
				CLANG_WARN_STRICT_PROTOTYPES = YES;
				CLANG_WARN_SUSPICIOUS_MOVE = YES;
				CLANG_WARN_UNGUARDED_AVAILABILITY = YES_AGGRESSIVE;
				CLANG_WARN_UNREACHABLE_CODE = YES;
				CLANG_WARN__DUPLICATE_METHOD_MATCH = YES;
				COPY_PHASE_STRIP = NO;
				DEBUG_INFORMATION_FORMAT = dwarf;
				DEVELOPMENT_TEAM = 95BSUA32AQ;
				ENABLE_STRICT_OBJC_MSGSEND = YES;
				ENABLE_TESTABILITY = YES;
				ENABLE_USER_SCRIPT_SANDBOXING = YES;
				GCC_C_LANGUAGE_STANDARD = gnu11;
				GCC_DYNAMIC_NO_PIC = NO;
				GCC_NO_COMMON_BLOCKS = YES;
				GCC_OPTIMIZATION_LEVEL = 0;
				GCC_PREPROCESSOR_DEFINITIONS = (
					"DEBUG=1",
					"$(inherited)",
				);
				GCC_WARN_64_TO_32_BIT_CONVERSION = YES;
				GCC_WARN_ABOUT_RETURN_TYPE = YES_ERROR;
				GCC_WARN_UNDECLARED_SELECTOR = YES;
				GCC_WARN_UNINITIALIZED_AUTOS = YES_AGGRESSIVE;
				GCC_WARN_UNUSED_FUNCTION = YES;
				GCC_WARN_UNUSED_VARIABLE = YES;
				IPHONEOS_DEPLOYMENT_TARGET = 13.2;
				MTL_ENABLE_DEBUG_INFO = INCLUDE_SOURCE;
				MTL_FAST_MATH = YES;
				ONLY_ACTIVE_ARCH = YES;
				SDKROOT = iphoneos;
				SWIFT_ACTIVE_COMPILATION_CONDITIONS = DEBUG;
				SWIFT_OPTIMIZATION_LEVEL = "-Onone";
			};
			name = Debug;
		};
		EB2BE509239524DC00FB933B /* Release */ = {
			isa = XCBuildConfiguration;
			buildSettings = {
				ALWAYS_SEARCH_USER_PATHS = NO;
				CLANG_ANALYZER_NONNULL = YES;
				CLANG_ANALYZER_NUMBER_OBJECT_CONVERSION = YES_AGGRESSIVE;
				CLANG_CXX_LANGUAGE_STANDARD = "gnu++14";
				CLANG_CXX_LIBRARY = "libc++";
				CLANG_ENABLE_MODULES = YES;
				CLANG_ENABLE_OBJC_ARC = YES;
				CLANG_ENABLE_OBJC_WEAK = YES;
				CLANG_WARN_BLOCK_CAPTURE_AUTORELEASING = YES;
				CLANG_WARN_BOOL_CONVERSION = YES;
				CLANG_WARN_COMMA = YES;
				CLANG_WARN_CONSTANT_CONVERSION = YES;
				CLANG_WARN_DEPRECATED_OBJC_IMPLEMENTATIONS = YES;
				CLANG_WARN_DIRECT_OBJC_ISA_USAGE = YES_ERROR;
				CLANG_WARN_DOCUMENTATION_COMMENTS = YES;
				CLANG_WARN_EMPTY_BODY = YES;
				CLANG_WARN_ENUM_CONVERSION = YES;
				CLANG_WARN_INFINITE_RECURSION = YES;
				CLANG_WARN_INT_CONVERSION = YES;
				CLANG_WARN_NON_LITERAL_NULL_CONVERSION = YES;
				CLANG_WARN_OBJC_IMPLICIT_RETAIN_SELF = YES;
				CLANG_WARN_OBJC_LITERAL_CONVERSION = YES;
				CLANG_WARN_OBJC_ROOT_CLASS = YES_ERROR;
				CLANG_WARN_QUOTED_INCLUDE_IN_FRAMEWORK_HEADER = YES;
				CLANG_WARN_RANGE_LOOP_ANALYSIS = YES;
				CLANG_WARN_STRICT_PROTOTYPES = YES;
				CLANG_WARN_SUSPICIOUS_MOVE = YES;
				CLANG_WARN_UNGUARDED_AVAILABILITY = YES_AGGRESSIVE;
				CLANG_WARN_UNREACHABLE_CODE = YES;
				CLANG_WARN__DUPLICATE_METHOD_MATCH = YES;
				COPY_PHASE_STRIP = NO;
				DEBUG_INFORMATION_FORMAT = "dwarf-with-dsym";
				DEVELOPMENT_TEAM = 95BSUA32AQ;
				ENABLE_NS_ASSERTIONS = NO;
				ENABLE_STRICT_OBJC_MSGSEND = YES;
				ENABLE_USER_SCRIPT_SANDBOXING = YES;
				GCC_C_LANGUAGE_STANDARD = gnu11;
				GCC_NO_COMMON_BLOCKS = YES;
				GCC_WARN_64_TO_32_BIT_CONVERSION = YES;
				GCC_WARN_ABOUT_RETURN_TYPE = YES_ERROR;
				GCC_WARN_UNDECLARED_SELECTOR = YES;
				GCC_WARN_UNINITIALIZED_AUTOS = YES_AGGRESSIVE;
				GCC_WARN_UNUSED_FUNCTION = YES;
				GCC_WARN_UNUSED_VARIABLE = YES;
				IPHONEOS_DEPLOYMENT_TARGET = 13.2;
				MTL_ENABLE_DEBUG_INFO = NO;
				MTL_FAST_MATH = YES;
				SDKROOT = iphoneos;
				SWIFT_COMPILATION_MODE = wholemodule;
				SWIFT_OPTIMIZATION_LEVEL = "-O";
				VALIDATE_PRODUCT = YES;
			};
			name = Release;
		};
		EB2BE50B239524DC00FB933B /* Debug */ = {
			isa = XCBuildConfiguration;
			baseConfigurationReference = 1BDD14F106B9C0E83F53C037 /* Pods-Todoey.debug.xcconfig */;
			buildSettings = {
				ASSETCATALOG_COMPILER_APPICON_NAME = AppIcon;
				CODE_SIGN_STYLE = Automatic;
				ENABLE_USER_SCRIPT_SANDBOXING = NO;
				INFOPLIST_FILE = Todoey/Info.plist;
				IPHONEOS_DEPLOYMENT_TARGET = 17.0;
				LD_RUNPATH_SEARCH_PATHS = (
					"$(inherited)",
					"@executable_path/Frameworks",
				);
				PRODUCT_BUNDLE_IDENTIFIER = com.farazchahybakhsh.2079;
				PRODUCT_NAME = "$(TARGET_NAME)";
				SWIFT_VERSION = 5.0;
				TARGETED_DEVICE_FAMILY = "1,2";
			};
			name = Debug;
		};
		EB2BE50C239524DC00FB933B /* Release */ = {
			isa = XCBuildConfiguration;
			baseConfigurationReference = 7C2DB1B6E43972D1B4555202 /* Pods-Todoey.release.xcconfig */;
			buildSettings = {
				ASSETCATALOG_COMPILER_APPICON_NAME = AppIcon;
				CODE_SIGN_STYLE = Automatic;
				ENABLE_USER_SCRIPT_SANDBOXING = NO;
				INFOPLIST_FILE = Todoey/Info.plist;
				IPHONEOS_DEPLOYMENT_TARGET = 17.0;
				LD_RUNPATH_SEARCH_PATHS = (
					"$(inherited)",
					"@executable_path/Frameworks",
				);
				PRODUCT_BUNDLE_IDENTIFIER = com.farazchahybakhsh.2079;
				PRODUCT_NAME = "$(TARGET_NAME)";
				SWIFT_VERSION = 5.0;
				TARGETED_DEVICE_FAMILY = "1,2";
			};
			name = Release;
		};
/* End XCBuildConfiguration section */

/* Begin XCConfigurationList section */
		EB2BE4F1239524DB00FB933B /* Build configuration list for PBXProject "Todoey" */ = {
			isa = XCConfigurationList;
			buildConfigurations = (
				EB2BE508239524DC00FB933B /* Debug */,
				EB2BE509239524DC00FB933B /* Release */,
			);
			defaultConfigurationIsVisible = 0;
			defaultConfigurationName = Release;
		};
		EB2BE50A239524DC00FB933B /* Build configuration list for PBXNativeTarget "Todoey" */ = {
			isa = XCConfigurationList;
			buildConfigurations = (
				EB2BE50B239524DC00FB933B /* Debug */,
				EB2BE50C239524DC00FB933B /* Release */,
			);
			defaultConfigurationIsVisible = 0;
			defaultConfigurationName = Release;
		};
/* End XCConfigurationList section */

/* Begin XCRemoteSwiftPackageReference section */
		D014C2032DB3BD0E00F7ED1D /* XCRemoteSwiftPackageReference "realm-swift" */ = {
			isa = XCRemoteSwiftPackageReference;
			repositoryURL = "https://github.com/realm/realm-swift";
			requirement = {
				kind = upToNextMajorVersion;
				minimumVersion = 20.0.2;
			};
		};
		D06A85112DBAA64A00AC7B7C /* XCRemoteSwiftPackageReference "SwiftTheme" */ = {
			isa = XCRemoteSwiftPackageReference;
			repositoryURL = "https://github.com/wxxsw/SwiftTheme.git";
			requirement = {
				kind = upToNextMajorVersion;
				minimumVersion = 0.6.4;
			};
		};
		D09BA80B2DB7AF1300FD6AEB /* XCRemoteSwiftPackageReference "swipecellkit" */ = {
			isa = XCRemoteSwiftPackageReference;
			repositoryURL = "https://github.com/swipecellkit/swipecellkit.git";
			requirement = {
				kind = upToNextMajorVersion;
				minimumVersion = 2.7.1;
			};
		};
/* End XCRemoteSwiftPackageReference section */

/* Begin XCSwiftPackageProductDependency section */
		D014C2042DB3BD0E00F7ED1D /* RealmSwift */ = {
			isa = XCSwiftPackageProductDependency;
			package = D014C2032DB3BD0E00F7ED1D /* XCRemoteSwiftPackageReference "realm-swift" */;
			productName = RealmSwift;
		};
		D06A85122DBAA64A00AC7B7C /* SwiftTheme */ = {
			isa = XCSwiftPackageProductDependency;
			package = D06A85112DBAA64A00AC7B7C /* XCRemoteSwiftPackageReference "SwiftTheme" */;
			productName = SwiftTheme;
		};
		D09BA80C2DB7AF1300FD6AEB /* SwipeCellKit */ = {
			isa = XCSwiftPackageProductDependency;
			package = D09BA80B2DB7AF1300FD6AEB /* XCRemoteSwiftPackageReference "swipecellkit" */;
			productName = SwipeCellKit;
		};
/* End XCSwiftPackageProductDependency section */
	};
	rootObject = EB2BE4EE239524DB00FB933B /* Project object */;
}
